%{"comeonin": {:hex, :comeonin, "0.11.3"},
  "cowboy": {:hex, :cowboy, "1.0.2"},
  "cowlib": {:hex, :cowlib, "1.0.1"},
  "decimal": {:hex, :decimal, "1.1.0"},
  "earmark": {:hex, :earmark, "0.1.13"},
  "ecto": {:hex, :ecto, "0.16.0"},
  "ex_doc": {:hex, :ex_doc, "0.7.1"},
  "mailgun": {:hex, :mailgun, "0.0.2"},
  "meck": {:hex, :meck, "0.8.2"},
  "mock": {:hex, :mock, "0.1.0"},
  "phoenix": {:hex, :phoenix, "0.16.1"},
  "plug": {:hex, :plug, "1.0.0"},
  "poison": {:hex, :poison, "1.4.0"},
  "poolboy": {:hex, :poolboy, "1.5.1"},
  "postgrex": {:hex, :postgrex, "0.6.0"},
  "ranch": {:hex, :ranch, "1.1.0"}}
